
Microsoft Visual Studio Solution File, Format Version 12.00
# Visual Studio Version 17
VisualStudioVersion = 17.14.36429.23 d17.14
MinimumVisualStudioVersion = 10.0.40219.1
Project("{888888A0-9F3D-457C-B088-3A5042F75D52}") = "Demo layout", "Demo layout\Demo layout.pyproj", "{3D1F83A5-876A-4757-A235-C3F77C5AFA20}"
EndProject
Global
	GlobalSection(SolutionConfigurationPlatforms) = preSolution
		Debug|Any CPU = Debug|Any CPU
		Release|Any CPU = Release|Any CPU
	EndGlobalSection
	GlobalSection(ProjectConfigurationPlatforms) = postSolution
		{3D1F83A5-876A-4757-A235-C3F77C5AFA20}.Debug|Any CPU.ActiveCfg = Debug|Any CPU
		{3D1F83A5-876A-4757-A235-C3F77C5AFA20}.Release|Any CPU.ActiveCfg = Release|Any CPU
	EndGlobalSection
	GlobalSection(SolutionProperties) = preSolution
		HideSolutionNode = FALSE
	EndGlobalSection
	GlobalSection(ExtensibilityGlobals) = postSolution
		SolutionGuid = {CE47F4E5-3FAB-43FB-BDC6-2A29AE84CCF2}
	EndGlobalSection
EndGlobal
